
Microsoft Visual Studio Solution File, Format Version 12.00
# Visual Studio 2013
VisualStudioVersion = 12.0.31101.0
MinimumVisualStudioVersion = 10.0.40219.1
Project("{2150E333-8FDC-42A3-9474-1A3956D46DE8}") = ".nuget", ".nuget", "{B6E29BE2-DC6F-4D16-AE06-3B9095E65997}"
	ProjectSection(SolutionItems) = preProject
		.nuget\NuGet.Config = .nuget\NuGet.Config
		.nuget\NuGet.exe = .nuget\NuGet.exe
		.nuget\NuGet.targets = .nuget\NuGet.targets
	EndProjectSection
EndProject
Project("{2150E333-8FDC-42A3-9474-1A3956D46DE8}") = "framewrok", "framewrok", "{D613EF37-834A-4108-8A97-EB82D2D31971}"
EndProject
Project("{FAE04EC0-301F-11D3-BF4B-00C04F79EFBC}") = "Mangtas.MEF", "libs\Mangtas.MEF\Mangtas.MEF.csproj", "{F8223B83-DF49-4584-98CF-3B87B35F04A2}"
EndProject
Project("{FAE04EC0-301F-11D3-BF4B-00C04F79EFBC}") = "Repository.Pattern", "libs\Repository.Pattern\Repository.Pattern.csproj", "{6E682A14-C872-4813-B620-76E108DEA683}"
EndProject
Project("{FAE04EC0-301F-11D3-BF4B-00C04F79EFBC}") = "Repository.Pattern.Ef6", "libs\Repository.Pattern.Ef6\Repository.Pattern.Ef6.csproj", "{F68A1D19-93FB-47C1-A22B-42BEA3E4FD8C}"
EndProject
Project("{FAE04EC0-301F-11D3-BF4B-00C04F79EFBC}") = "Service.Pattern", "libs\Service.Pattern\Service.Pattern.csproj", "{86F86650-EE3C-4372-8FEC-40C2FE015022}"
EndProject
Project("{2150E333-8FDC-42A3-9474-1A3956D46DE8}") = "modules", "modules", "{EBE97F96-71D8-46B6-9360-B77517FE5F32}"
EndProject
Project("{2150E333-8FDC-42A3-9474-1A3956D46DE8}") = "apps", "apps", "{777F3DCC-3344-440B-B0E3-4A4260BE7175}"
EndProject
Project("{2150E333-8FDC-42A3-9474-1A3956D46DE8}") = "webservice", "webservice", "{26D26A2D-9F28-449C-85EB-E7716E69C702}"
EndProject
Project("{FAE04EC0-301F-11D3-BF4B-00C04F79EFBC}") = "WpfApplication1", "apps\WpfApplication1\WpfApplication1.csproj", "{CD79A92B-A677-4310-9B74-26E3BE2C29BD}"
EndProject
Project("{FAE04EC0-301F-11D3-BF4B-00C04F79EFBC}") = "Mangtas.WebApi", "apps\Mangtas.WebApi\Mangtas.WebApi.csproj", "{82AECDA6-12B0-4C5D-AB1F-C0E7F0010AF6}"
EndProject
Project("{FAE04EC0-301F-11D3-BF4B-00C04F79EFBC}") = "Mangtas.Core", "apps\Mangtas.WebApi\Modules\Mangtas.Core\Mangtas.Core.csproj", "{3ADE3AB3-07AF-4577-922A-A4F0617F14BA}"
EndProject
Project("{262852C6-CD72-467D-83FE-5EEB1973A190}") = "BlankCordovaApp1", "BlankCordovaApp1\BlankCordovaApp1.jsproj", "{89AD12FA-7E3D-4173-93E0-FE40464502C9}"
EndProject
Project("{FAE04EC0-301F-11D3-BF4B-00C04F79EFBC}") = "Mangtas.Sample", "apps\Mangtas.WebApi\Modules\Mangtas.Sample\Mangtas.Sample.csproj", "{EF055B96-ECFC-4F81-84C9-0941E62487C8}"
EndProject
Global
	GlobalSection(SolutionConfigurationPlatforms) = preSolution
		Debug|Android = Debug|Android
		Debug|Any CPU = Debug|Any CPU
		Debug|iOS = Debug|iOS
		Debug|Mixed Platforms = Debug|Mixed Platforms
		Debug|Windows Phone (Universal) = Debug|Windows Phone (Universal)
		Debug|Windows Phone 8 = Debug|Windows Phone 8
		Debug|Windows-AnyCPU = Debug|Windows-AnyCPU
		Debug|Windows-ARM = Debug|Windows-ARM
		Debug|Windows-x64 = Debug|Windows-x64
		Debug|Windows-x86 = Debug|Windows-x86
		Debug|x86 = Debug|x86
		Distribution|Android = Distribution|Android
		Distribution|Any CPU = Distribution|Any CPU
		Distribution|iOS = Distribution|iOS
		Distribution|Mixed Platforms = Distribution|Mixed Platforms
		Distribution|Windows Phone (Universal) = Distribution|Windows Phone (Universal)
		Distribution|Windows Phone 8 = Distribution|Windows Phone 8
		Distribution|Windows-AnyCPU = Distribution|Windows-AnyCPU
		Distribution|Windows-ARM = Distribution|Windows-ARM
		Distribution|Windows-x64 = Distribution|Windows-x64
		Distribution|Windows-x86 = Distribution|Windows-x86
		Distribution|x86 = Distribution|x86
		Release|Android = Release|Android
		Release|Any CPU = Release|Any CPU
		Release|iOS = Release|iOS
		Release|Mixed Platforms = Release|Mixed Platforms
		Release|Windows Phone (Universal) = Release|Windows Phone (Universal)
		Release|Windows Phone 8 = Release|Windows Phone 8
		Release|Windows-AnyCPU = Release|Windows-AnyCPU
		Release|Windows-ARM = Release|Windows-ARM
		Release|Windows-x64 = Release|Windows-x64
		Release|Windows-x86 = Release|Windows-x86
		Release|x86 = Release|x86
	EndGlobalSection
	GlobalSection(ProjectConfigurationPlatforms) = postSolution
		{F8223B83-DF49-4584-98CF-3B87B35F04A2}.Debug|Android.ActiveCfg = Debug|Any CPU
		{F8223B83-DF49-4584-98CF-3B87B35F04A2}.Debug|Any CPU.ActiveCfg = Debug|Any CPU
		{F8223B83-DF49-4584-98CF-3B87B35F04A2}.Debug|Any CPU.Build.0 = Debug|Any CPU
		{F8223B83-DF49-4584-98CF-3B87B35F04A2}.Debug|iOS.ActiveCfg = Debug|Any CPU
		{F8223B83-DF49-4584-98CF-3B87B35F04A2}.Debug|Mixed Platforms.ActiveCfg = Debug|Any CPU
		{F8223B83-DF49-4584-98CF-3B87B35F04A2}.Debug|Windows Phone (Universal).ActiveCfg = Debug|Any CPU
		{F8223B83-DF49-4584-98CF-3B87B35F04A2}.Debug|Windows Phone 8.ActiveCfg = Debug|Any CPU
		{F8223B83-DF49-4584-98CF-3B87B35F04A2}.Debug|Windows-AnyCPU.ActiveCfg = Debug|Any CPU
		{F8223B83-DF49-4584-98CF-3B87B35F04A2}.Debug|Windows-ARM.ActiveCfg = Debug|Any CPU
		{F8223B83-DF49-4584-98CF-3B87B35F04A2}.Debug|Windows-x64.ActiveCfg = Debug|Any CPU
		{F8223B83-DF49-4584-98CF-3B87B35F04A2}.Debug|Windows-x86.ActiveCfg = Debug|Any CPU
		{F8223B83-DF49-4584-98CF-3B87B35F04A2}.Debug|x86.ActiveCfg = Debug|Any CPU
		{F8223B83-DF49-4584-98CF-3B87B35F04A2}.Distribution|Android.ActiveCfg = Debug|Any CPU
		{F8223B83-DF49-4584-98CF-3B87B35F04A2}.Distribution|Any CPU.ActiveCfg = Debug|Any CPU
		{F8223B83-DF49-4584-98CF-3B87B35F04A2}.Distribution|iOS.ActiveCfg = Debug|Any CPU
		{F8223B83-DF49-4584-98CF-3B87B35F04A2}.Distribution|Mixed Platforms.ActiveCfg = Debug|Any CPU
		{F8223B83-DF49-4584-98CF-3B87B35F04A2}.Distribution|Windows Phone (Universal).ActiveCfg = Debug|Any CPU
		{F8223B83-DF49-4584-98CF-3B87B35F04A2}.Distribution|Windows Phone 8.ActiveCfg = Debug|Any CPU
		{F8223B83-DF49-4584-98CF-3B87B35F04A2}.Distribution|Windows-AnyCPU.ActiveCfg = Debug|Any CPU
		{F8223B83-DF49-4584-98CF-3B87B35F04A2}.Distribution|Windows-ARM.ActiveCfg = Debug|Any CPU
		{F8223B83-DF49-4584-98CF-3B87B35F04A2}.Distribution|Windows-x64.ActiveCfg = Debug|Any CPU
		{F8223B83-DF49-4584-98CF-3B87B35F04A2}.Distribution|Windows-x86.ActiveCfg = Debug|Any CPU
		{F8223B83-DF49-4584-98CF-3B87B35F04A2}.Distribution|x86.ActiveCfg = Debug|Any CPU
		{F8223B83-DF49-4584-98CF-3B87B35F04A2}.Release|Android.ActiveCfg = Release|Any CPU
		{F8223B83-DF49-4584-98CF-3B87B35F04A2}.Release|Any CPU.ActiveCfg = Release|Any CPU
		{F8223B83-DF49-4584-98CF-3B87B35F04A2}.Release|Any CPU.Build.0 = Release|Any CPU
		{F8223B83-DF49-4584-98CF-3B87B35F04A2}.Release|iOS.ActiveCfg = Release|Any CPU
		{F8223B83-DF49-4584-98CF-3B87B35F04A2}.Release|Mixed Platforms.ActiveCfg = Release|Any CPU
		{F8223B83-DF49-4584-98CF-3B87B35F04A2}.Release|Windows Phone (Universal).ActiveCfg = Release|Any CPU
		{F8223B83-DF49-4584-98CF-3B87B35F04A2}.Release|Windows Phone 8.ActiveCfg = Release|Any CPU
		{F8223B83-DF49-4584-98CF-3B87B35F04A2}.Release|Windows-AnyCPU.ActiveCfg = Release|Any CPU
		{F8223B83-DF49-4584-98CF-3B87B35F04A2}.Release|Windows-ARM.ActiveCfg = Release|Any CPU
		{F8223B83-DF49-4584-98CF-3B87B35F04A2}.Release|Windows-x64.ActiveCfg = Release|Any CPU
		{F8223B83-DF49-4584-98CF-3B87B35F04A2}.Release|Windows-x86.ActiveCfg = Release|Any CPU
		{F8223B83-DF49-4584-98CF-3B87B35F04A2}.Release|x86.ActiveCfg = Release|Any CPU
		{6E682A14-C872-4813-B620-76E108DEA683}.Debug|Android.ActiveCfg = Debug|Any CPU
		{6E682A14-C872-4813-B620-76E108DEA683}.Debug|Any CPU.ActiveCfg = Debug|Any CPU
		{6E682A14-C872-4813-B620-76E108DEA683}.Debug|Any CPU.Build.0 = Debug|Any CPU
		{6E682A14-C872-4813-B620-76E108DEA683}.Debug|iOS.ActiveCfg = Debug|Any CPU
		{6E682A14-C872-4813-B620-76E108DEA683}.Debug|Mixed Platforms.ActiveCfg = Debug|x86
		{6E682A14-C872-4813-B620-76E108DEA683}.Debug|Mixed Platforms.Build.0 = Debug|x86
		{6E682A14-C872-4813-B620-76E108DEA683}.Debug|Windows Phone (Universal).ActiveCfg = Debug|Any CPU
		{6E682A14-C872-4813-B620-76E108DEA683}.Debug|Windows Phone 8.ActiveCfg = Debug|Any CPU
		{6E682A14-C872-4813-B620-76E108DEA683}.Debug|Windows-AnyCPU.ActiveCfg = Debug|Any CPU
		{6E682A14-C872-4813-B620-76E108DEA683}.Debug|Windows-ARM.ActiveCfg = Debug|Any CPU
		{6E682A14-C872-4813-B620-76E108DEA683}.Debug|Windows-x64.ActiveCfg = Debug|Any CPU
		{6E682A14-C872-4813-B620-76E108DEA683}.Debug|Windows-x86.ActiveCfg = Debug|Any CPU
		{6E682A14-C872-4813-B620-76E108DEA683}.Debug|x86.ActiveCfg = Debug|x86
		{6E682A14-C872-4813-B620-76E108DEA683}.Debug|x86.Build.0 = Debug|x86
		{6E682A14-C872-4813-B620-76E108DEA683}.Distribution|Android.ActiveCfg = Debug|Any CPU
		{6E682A14-C872-4813-B620-76E108DEA683}.Distribution|Any CPU.ActiveCfg = Debug|Any CPU
		{6E682A14-C872-4813-B620-76E108DEA683}.Distribution|Any CPU.Build.0 = Debug|Any CPU
		{6E682A14-C872-4813-B620-76E108DEA683}.Distribution|iOS.ActiveCfg = Debug|Any CPU
		{6E682A14-C872-4813-B620-76E108DEA683}.Distribution|Mixed Platforms.ActiveCfg = Debug|x86
		{6E682A14-C872-4813-B620-76E108DEA683}.Distribution|Mixed Platforms.Build.0 = Debug|x86
		{6E682A14-C872-4813-B620-76E108DEA683}.Distribution|Windows Phone (Universal).ActiveCfg = Debug|Any CPU
		{6E682A14-C872-4813-B620-76E108DEA683}.Distribution|Windows Phone 8.ActiveCfg = Debug|Any CPU
		{6E682A14-C872-4813-B620-76E108DEA683}.Distribution|Windows-AnyCPU.ActiveCfg = Debug|Any CPU
		{6E682A14-C872-4813-B620-76E108DEA683}.Distribution|Windows-ARM.ActiveCfg = Debug|Any CPU
		{6E682A14-C872-4813-B620-76E108DEA683}.Distribution|Windows-x64.ActiveCfg = Debug|Any CPU
		{6E682A14-C872-4813-B620-76E108DEA683}.Distribution|Windows-x86.ActiveCfg = Debug|Any CPU
		{6E682A14-C872-4813-B620-76E108DEA683}.Distribution|x86.ActiveCfg = Debug|x86
		{6E682A14-C872-4813-B620-76E108DEA683}.Distribution|x86.Build.0 = Debug|x86
		{6E682A14-C872-4813-B620-76E108DEA683}.Release|Android.ActiveCfg = Release|Any CPU
		{6E682A14-C872-4813-B620-76E108DEA683}.Release|Any CPU.ActiveCfg = Release|Any CPU
		{6E682A14-C872-4813-B620-76E108DEA683}.Release|Any CPU.Build.0 = Release|Any CPU
		{6E682A14-C872-4813-B620-76E108DEA683}.Release|iOS.ActiveCfg = Release|Any CPU
		{6E682A14-C872-4813-B620-76E108DEA683}.Release|Mixed Platforms.ActiveCfg = Release|x86
		{6E682A14-C872-4813-B620-76E108DEA683}.Release|Mixed Platforms.Build.0 = Release|x86
		{6E682A14-C872-4813-B620-76E108DEA683}.Release|Windows Phone (Universal).ActiveCfg = Release|Any CPU
		{6E682A14-C872-4813-B620-76E108DEA683}.Release|Windows Phone 8.ActiveCfg = Release|Any CPU
		{6E682A14-C872-4813-B620-76E108DEA683}.Release|Windows-AnyCPU.ActiveCfg = Release|Any CPU
		{6E682A14-C872-4813-B620-76E108DEA683}.Release|Windows-ARM.ActiveCfg = Release|Any CPU
		{6E682A14-C872-4813-B620-76E108DEA683}.Release|Windows-x64.ActiveCfg = Release|Any CPU
		{6E682A14-C872-4813-B620-76E108DEA683}.Release|Windows-x86.ActiveCfg = Release|Any CPU
		{6E682A14-C872-4813-B620-76E108DEA683}.Release|x86.ActiveCfg = Release|x86
		{6E682A14-C872-4813-B620-76E108DEA683}.Release|x86.Build.0 = Release|x86
		{F68A1D19-93FB-47C1-A22B-42BEA3E4FD8C}.Debug|Android.ActiveCfg = Debug|Any CPU
		{F68A1D19-93FB-47C1-A22B-42BEA3E4FD8C}.Debug|Any CPU.ActiveCfg = Debug|Any CPU
		{F68A1D19-93FB-47C1-A22B-42BEA3E4FD8C}.Debug|Any CPU.Build.0 = Debug|Any CPU
		{F68A1D19-93FB-47C1-A22B-42BEA3E4FD8C}.Debug|iOS.ActiveCfg = Debug|Any CPU
		{F68A1D19-93FB-47C1-A22B-42BEA3E4FD8C}.Debug|Mixed Platforms.ActiveCfg = Debug|Any CPU
		{F68A1D19-93FB-47C1-A22B-42BEA3E4FD8C}.Debug|Mixed Platforms.Build.0 = Debug|Any CPU
		{F68A1D19-93FB-47C1-A22B-42BEA3E4FD8C}.Debug|Windows Phone (Universal).ActiveCfg = Debug|Any CPU
		{F68A1D19-93FB-47C1-A22B-42BEA3E4FD8C}.Debug|Windows Phone 8.ActiveCfg = Debug|Any CPU
		{F68A1D19-93FB-47C1-A22B-42BEA3E4FD8C}.Debug|Windows-AnyCPU.ActiveCfg = Debug|Any CPU
		{F68A1D19-93FB-47C1-A22B-42BEA3E4FD8C}.Debug|Windows-ARM.ActiveCfg = Debug|Any CPU
		{F68A1D19-93FB-47C1-A22B-42BEA3E4FD8C}.Debug|Windows-x64.ActiveCfg = Debug|Any CPU
		{F68A1D19-93FB-47C1-A22B-42BEA3E4FD8C}.Debug|Windows-x86.ActiveCfg = Debug|Any CPU
		{F68A1D19-93FB-47C1-A22B-42BEA3E4FD8C}.Debug|x86.ActiveCfg = Debug|Any CPU
		{F68A1D19-93FB-47C1-A22B-42BEA3E4FD8C}.Distribution|Android.ActiveCfg = Debug|Any CPU
		{F68A1D19-93FB-47C1-A22B-42BEA3E4FD8C}.Distribution|Any CPU.ActiveCfg = Debug|Any CPU
		{F68A1D19-93FB-47C1-A22B-42BEA3E4FD8C}.Distribution|Any CPU.Build.0 = Debug|Any CPU
		{F68A1D19-93FB-47C1-A22B-42BEA3E4FD8C}.Distribution|iOS.ActiveCfg = Debug|Any CPU
		{F68A1D19-93FB-47C1-A22B-42BEA3E4FD8C}.Distribution|Mixed Platforms.ActiveCfg = Debug|Any CPU
		{F68A1D19-93FB-47C1-A22B-42BEA3E4FD8C}.Distribution|Mixed Platforms.Build.0 = Debug|Any CPU
		{F68A1D19-93FB-47C1-A22B-42BEA3E4FD8C}.Distribution|Windows Phone (Universal).ActiveCfg = Debug|Any CPU
		{F68A1D19-93FB-47C1-A22B-42BEA3E4FD8C}.Distribution|Windows Phone 8.ActiveCfg = Debug|Any CPU
		{F68A1D19-93FB-47C1-A22B-42BEA3E4FD8C}.Distribution|Windows-AnyCPU.ActiveCfg = Debug|Any CPU
		{F68A1D19-93FB-47C1-A22B-42BEA3E4FD8C}.Distribution|Windows-ARM.ActiveCfg = Debug|Any CPU
		{F68A1D19-93FB-47C1-A22B-42BEA3E4FD8C}.Distribution|Windows-x64.ActiveCfg = Debug|Any CPU
		{F68A1D19-93FB-47C1-A22B-42BEA3E4FD8C}.Distribution|Windows-x86.ActiveCfg = Debug|Any CPU
		{F68A1D19-93FB-47C1-A22B-42BEA3E4FD8C}.Distribution|x86.ActiveCfg = Debug|Any CPU
		{F68A1D19-93FB-47C1-A22B-42BEA3E4FD8C}.Release|Android.ActiveCfg = Release|Any CPU
		{F68A1D19-93FB-47C1-A22B-42BEA3E4FD8C}.Release|Any CPU.ActiveCfg = Release|Any CPU
		{F68A1D19-93FB-47C1-A22B-42BEA3E4FD8C}.Release|Any CPU.Build.0 = Release|Any CPU
		{F68A1D19-93FB-47C1-A22B-42BEA3E4FD8C}.Release|iOS.ActiveCfg = Release|Any CPU
		{F68A1D19-93FB-47C1-A22B-42BEA3E4FD8C}.Release|Mixed Platforms.ActiveCfg = Release|Any CPU
		{F68A1D19-93FB-47C1-A22B-42BEA3E4FD8C}.Release|Mixed Platforms.Build.0 = Release|Any CPU
		{F68A1D19-93FB-47C1-A22B-42BEA3E4FD8C}.Release|Windows Phone (Universal).ActiveCfg = Release|Any CPU
		{F68A1D19-93FB-47C1-A22B-42BEA3E4FD8C}.Release|Windows Phone 8.ActiveCfg = Release|Any CPU
		{F68A1D19-93FB-47C1-A22B-42BEA3E4FD8C}.Release|Windows-AnyCPU.ActiveCfg = Release|Any CPU
		{F68A1D19-93FB-47C1-A22B-42BEA3E4FD8C}.Release|Windows-ARM.ActiveCfg = Release|Any CPU
		{F68A1D19-93FB-47C1-A22B-42BEA3E4FD8C}.Release|Windows-x64.ActiveCfg = Release|Any CPU
		{F68A1D19-93FB-47C1-A22B-42BEA3E4FD8C}.Release|Windows-x86.ActiveCfg = Release|Any CPU
		{F68A1D19-93FB-47C1-A22B-42BEA3E4FD8C}.Release|x86.ActiveCfg = Release|Any CPU
		{86F86650-EE3C-4372-8FEC-40C2FE015022}.Debug|Android.ActiveCfg = Debug|Any CPU
		{86F86650-EE3C-4372-8FEC-40C2FE015022}.Debug|Any CPU.ActiveCfg = Debug|Any CPU
		{86F86650-EE3C-4372-8FEC-40C2FE015022}.Debug|Any CPU.Build.0 = Debug|Any CPU
		{86F86650-EE3C-4372-8FEC-40C2FE015022}.Debug|iOS.ActiveCfg = Debug|Any CPU
		{86F86650-EE3C-4372-8FEC-40C2FE015022}.Debug|Mixed Platforms.ActiveCfg = Debug|Any CPU
		{86F86650-EE3C-4372-8FEC-40C2FE015022}.Debug|Mixed Platforms.Build.0 = Debug|Any CPU
		{86F86650-EE3C-4372-8FEC-40C2FE015022}.Debug|Windows Phone (Universal).ActiveCfg = Debug|Any CPU
		{86F86650-EE3C-4372-8FEC-40C2FE015022}.Debug|Windows Phone 8.ActiveCfg = Debug|Any CPU
		{86F86650-EE3C-4372-8FEC-40C2FE015022}.Debug|Windows-AnyCPU.ActiveCfg = Debug|Any CPU
		{86F86650-EE3C-4372-8FEC-40C2FE015022}.Debug|Windows-ARM.ActiveCfg = Debug|Any CPU
		{86F86650-EE3C-4372-8FEC-40C2FE015022}.Debug|Windows-x64.ActiveCfg = Debug|Any CPU
		{86F86650-EE3C-4372-8FEC-40C2FE015022}.Debug|Windows-x86.ActiveCfg = Debug|Any CPU
		{86F86650-EE3C-4372-8FEC-40C2FE015022}.Debug|x86.ActiveCfg = Debug|Any CPU
		{86F86650-EE3C-4372-8FEC-40C2FE015022}.Distribution|Android.ActiveCfg = Debug|Any CPU
		{86F86650-EE3C-4372-8FEC-40C2FE015022}.Distribution|Any CPU.ActiveCfg = Debug|Any CPU
		{86F86650-EE3C-4372-8FEC-40C2FE015022}.Distribution|Any CPU.Build.0 = Debug|Any CPU
		{86F86650-EE3C-4372-8FEC-40C2FE015022}.Distribution|iOS.ActiveCfg = Debug|Any CPU
		{86F86650-EE3C-4372-8FEC-40C2FE015022}.Distribution|Mixed Platforms.ActiveCfg = Debug|Any CPU
		{86F86650-EE3C-4372-8FEC-40C2FE015022}.Distribution|Mixed Platforms.Build.0 = Debug|Any CPU
		{86F86650-EE3C-4372-8FEC-40C2FE015022}.Distribution|Windows Phone (Universal).ActiveCfg = Debug|Any CPU
		{86F86650-EE3C-4372-8FEC-40C2FE015022}.Distribution|Windows Phone 8.ActiveCfg = Debug|Any CPU
		{86F86650-EE3C-4372-8FEC-40C2FE015022}.Distribution|Windows-AnyCPU.ActiveCfg = Debug|Any CPU
		{86F86650-EE3C-4372-8FEC-40C2FE015022}.Distribution|Windows-ARM.ActiveCfg = Debug|Any CPU
		{86F86650-EE3C-4372-8FEC-40C2FE015022}.Distribution|Windows-x64.ActiveCfg = Debug|Any CPU
		{86F86650-EE3C-4372-8FEC-40C2FE015022}.Distribution|Windows-x86.ActiveCfg = Debug|Any CPU
		{86F86650-EE3C-4372-8FEC-40C2FE015022}.Distribution|x86.ActiveCfg = Debug|Any CPU
		{86F86650-EE3C-4372-8FEC-40C2FE015022}.Release|Android.ActiveCfg = Release|Any CPU
		{86F86650-EE3C-4372-8FEC-40C2FE015022}.Release|Any CPU.ActiveCfg = Release|Any CPU
		{86F86650-EE3C-4372-8FEC-40C2FE015022}.Release|Any CPU.Build.0 = Release|Any CPU
		{86F86650-EE3C-4372-8FEC-40C2FE015022}.Release|iOS.ActiveCfg = Release|Any CPU
		{86F86650-EE3C-4372-8FEC-40C2FE015022}.Release|Mixed Platforms.ActiveCfg = Release|Any CPU
		{86F86650-EE3C-4372-8FEC-40C2FE015022}.Release|Mixed Platforms.Build.0 = Release|Any CPU
		{86F86650-EE3C-4372-8FEC-40C2FE015022}.Release|Windows Phone (Universal).ActiveCfg = Release|Any CPU
		{86F86650-EE3C-4372-8FEC-40C2FE015022}.Release|Windows Phone 8.ActiveCfg = Release|Any CPU
		{86F86650-EE3C-4372-8FEC-40C2FE015022}.Release|Windows-AnyCPU.ActiveCfg = Release|Any CPU
		{86F86650-EE3C-4372-8FEC-40C2FE015022}.Release|Windows-ARM.ActiveCfg = Release|Any CPU
		{86F86650-EE3C-4372-8FEC-40C2FE015022}.Release|Windows-x64.ActiveCfg = Release|Any CPU
		{86F86650-EE3C-4372-8FEC-40C2FE015022}.Release|Windows-x86.ActiveCfg = Release|Any CPU
		{86F86650-EE3C-4372-8FEC-40C2FE015022}.Release|x86.ActiveCfg = Release|Any CPU
		{CD79A92B-A677-4310-9B74-26E3BE2C29BD}.Debug|Android.ActiveCfg = Debug|Any CPU
		{CD79A92B-A677-4310-9B74-26E3BE2C29BD}.Debug|Any CPU.ActiveCfg = Debug|Any CPU
		{CD79A92B-A677-4310-9B74-26E3BE2C29BD}.Debug|Any CPU.Build.0 = Debug|Any CPU
		{CD79A92B-A677-4310-9B74-26E3BE2C29BD}.Debug|iOS.ActiveCfg = Debug|Any CPU
		{CD79A92B-A677-4310-9B74-26E3BE2C29BD}.Debug|Mixed Platforms.ActiveCfg = Debug|Any CPU
		{CD79A92B-A677-4310-9B74-26E3BE2C29BD}.Debug|Mixed Platforms.Build.0 = Debug|Any CPU
		{CD79A92B-A677-4310-9B74-26E3BE2C29BD}.Debug|Windows Phone (Universal).ActiveCfg = Debug|Any CPU
		{CD79A92B-A677-4310-9B74-26E3BE2C29BD}.Debug|Windows Phone 8.ActiveCfg = Debug|Any CPU
		{CD79A92B-A677-4310-9B74-26E3BE2C29BD}.Debug|Windows-AnyCPU.ActiveCfg = Debug|Any CPU
		{CD79A92B-A677-4310-9B74-26E3BE2C29BD}.Debug|Windows-ARM.ActiveCfg = Debug|Any CPU
		{CD79A92B-A677-4310-9B74-26E3BE2C29BD}.Debug|Windows-x64.ActiveCfg = Debug|Any CPU
		{CD79A92B-A677-4310-9B74-26E3BE2C29BD}.Debug|Windows-x86.ActiveCfg = Debug|Any CPU
		{CD79A92B-A677-4310-9B74-26E3BE2C29BD}.Debug|x86.ActiveCfg = Debug|Any CPU
		{CD79A92B-A677-4310-9B74-26E3BE2C29BD}.Distribution|Android.ActiveCfg = Debug|Any CPU
		{CD79A92B-A677-4310-9B74-26E3BE2C29BD}.Distribution|Any CPU.ActiveCfg = Debug|Any CPU
		{CD79A92B-A677-4310-9B74-26E3BE2C29BD}.Distribution|Any CPU.Build.0 = Debug|Any CPU
		{CD79A92B-A677-4310-9B74-26E3BE2C29BD}.Distribution|iOS.ActiveCfg = Debug|Any CPU
		{CD79A92B-A677-4310-9B74-26E3BE2C29BD}.Distribution|Mixed Platforms.ActiveCfg = Debug|Any CPU
		{CD79A92B-A677-4310-9B74-26E3BE2C29BD}.Distribution|Mixed Platforms.Build.0 = Debug|Any CPU
		{CD79A92B-A677-4310-9B74-26E3BE2C29BD}.Distribution|Windows Phone (Universal).ActiveCfg = Debug|Any CPU
		{CD79A92B-A677-4310-9B74-26E3BE2C29BD}.Distribution|Windows Phone 8.ActiveCfg = Debug|Any CPU
		{CD79A92B-A677-4310-9B74-26E3BE2C29BD}.Distribution|Windows-AnyCPU.ActiveCfg = Debug|Any CPU
		{CD79A92B-A677-4310-9B74-26E3BE2C29BD}.Distribution|Windows-ARM.ActiveCfg = Debug|Any CPU
		{CD79A92B-A677-4310-9B74-26E3BE2C29BD}.Distribution|Windows-x64.ActiveCfg = Debug|Any CPU
		{CD79A92B-A677-4310-9B74-26E3BE2C29BD}.Distribution|Windows-x86.ActiveCfg = Debug|Any CPU
		{CD79A92B-A677-4310-9B74-26E3BE2C29BD}.Distribution|x86.ActiveCfg = Debug|Any CPU
		{CD79A92B-A677-4310-9B74-26E3BE2C29BD}.Release|Android.ActiveCfg = Release|Any CPU
		{CD79A92B-A677-4310-9B74-26E3BE2C29BD}.Release|Any CPU.ActiveCfg = Release|Any CPU
		{CD79A92B-A677-4310-9B74-26E3BE2C29BD}.Release|Any CPU.Build.0 = Release|Any CPU
		{CD79A92B-A677-4310-9B74-26E3BE2C29BD}.Release|iOS.ActiveCfg = Release|Any CPU
		{CD79A92B-A677-4310-9B74-26E3BE2C29BD}.Release|Mixed Platforms.ActiveCfg = Release|Any CPU
		{CD79A92B-A677-4310-9B74-26E3BE2C29BD}.Release|Mixed Platforms.Build.0 = Release|Any CPU
		{CD79A92B-A677-4310-9B74-26E3BE2C29BD}.Release|Windows Phone (Universal).ActiveCfg = Release|Any CPU
		{CD79A92B-A677-4310-9B74-26E3BE2C29BD}.Release|Windows Phone 8.ActiveCfg = Release|Any CPU
		{CD79A92B-A677-4310-9B74-26E3BE2C29BD}.Release|Windows-AnyCPU.ActiveCfg = Release|Any CPU
		{CD79A92B-A677-4310-9B74-26E3BE2C29BD}.Release|Windows-ARM.ActiveCfg = Release|Any CPU
		{CD79A92B-A677-4310-9B74-26E3BE2C29BD}.Release|Windows-x64.ActiveCfg = Release|Any CPU
		{CD79A92B-A677-4310-9B74-26E3BE2C29BD}.Release|Windows-x86.ActiveCfg = Release|Any CPU
		{CD79A92B-A677-4310-9B74-26E3BE2C29BD}.Release|x86.ActiveCfg = Release|Any CPU
		{82AECDA6-12B0-4C5D-AB1F-C0E7F0010AF6}.Debug|Android.ActiveCfg = Debug|Any CPU
		{82AECDA6-12B0-4C5D-AB1F-C0E7F0010AF6}.Debug|Any CPU.ActiveCfg = Debug|Any CPU
		{82AECDA6-12B0-4C5D-AB1F-C0E7F0010AF6}.Debug|Any CPU.Build.0 = Debug|Any CPU
		{82AECDA6-12B0-4C5D-AB1F-C0E7F0010AF6}.Debug|iOS.ActiveCfg = Debug|Any CPU
		{82AECDA6-12B0-4C5D-AB1F-C0E7F0010AF6}.Debug|Mixed Platforms.ActiveCfg = Debug|Any CPU
		{82AECDA6-12B0-4C5D-AB1F-C0E7F0010AF6}.Debug|Mixed Platforms.Build.0 = Debug|Any CPU
		{82AECDA6-12B0-4C5D-AB1F-C0E7F0010AF6}.Debug|Windows Phone (Universal).ActiveCfg = Debug|Any CPU
		{82AECDA6-12B0-4C5D-AB1F-C0E7F0010AF6}.Debug|Windows Phone 8.ActiveCfg = Debug|Any CPU
		{82AECDA6-12B0-4C5D-AB1F-C0E7F0010AF6}.Debug|Windows-AnyCPU.ActiveCfg = Debug|Any CPU
		{82AECDA6-12B0-4C5D-AB1F-C0E7F0010AF6}.Debug|Windows-ARM.ActiveCfg = Debug|Any CPU
		{82AECDA6-12B0-4C5D-AB1F-C0E7F0010AF6}.Debug|Windows-x64.ActiveCfg = Debug|Any CPU
		{82AECDA6-12B0-4C5D-AB1F-C0E7F0010AF6}.Debug|Windows-x86.ActiveCfg = Debug|Any CPU
		{82AECDA6-12B0-4C5D-AB1F-C0E7F0010AF6}.Debug|x86.ActiveCfg = Debug|Any CPU
		{82AECDA6-12B0-4C5D-AB1F-C0E7F0010AF6}.Distribution|Android.ActiveCfg = Debug|Any CPU
		{82AECDA6-12B0-4C5D-AB1F-C0E7F0010AF6}.Distribution|Any CPU.ActiveCfg = Debug|Any CPU
		{82AECDA6-12B0-4C5D-AB1F-C0E7F0010AF6}.Distribution|Any CPU.Build.0 = Debug|Any CPU
		{82AECDA6-12B0-4C5D-AB1F-C0E7F0010AF6}.Distribution|iOS.ActiveCfg = Debug|Any CPU
		{82AECDA6-12B0-4C5D-AB1F-C0E7F0010AF6}.Distribution|Mixed Platforms.ActiveCfg = Debug|Any CPU
		{82AECDA6-12B0-4C5D-AB1F-C0E7F0010AF6}.Distribution|Mixed Platforms.Build.0 = Debug|Any CPU
		{82AECDA6-12B0-4C5D-AB1F-C0E7F0010AF6}.Distribution|Windows Phone (Universal).ActiveCfg = Debug|Any CPU
		{82AECDA6-12B0-4C5D-AB1F-C0E7F0010AF6}.Distribution|Windows Phone 8.ActiveCfg = Debug|Any CPU
		{82AECDA6-12B0-4C5D-AB1F-C0E7F0010AF6}.Distribution|Windows-AnyCPU.ActiveCfg = Debug|Any CPU
		{82AECDA6-12B0-4C5D-AB1F-C0E7F0010AF6}.Distribution|Windows-ARM.ActiveCfg = Debug|Any CPU
		{82AECDA6-12B0-4C5D-AB1F-C0E7F0010AF6}.Distribution|Windows-x64.ActiveCfg = Debug|Any CPU
		{82AECDA6-12B0-4C5D-AB1F-C0E7F0010AF6}.Distribution|Windows-x86.ActiveCfg = Debug|Any CPU
		{82AECDA6-12B0-4C5D-AB1F-C0E7F0010AF6}.Distribution|x86.ActiveCfg = Debug|Any CPU
		{82AECDA6-12B0-4C5D-AB1F-C0E7F0010AF6}.Release|Android.ActiveCfg = Release|Any CPU
		{82AECDA6-12B0-4C5D-AB1F-C0E7F0010AF6}.Release|Any CPU.ActiveCfg = Release|Any CPU
		{82AECDA6-12B0-4C5D-AB1F-C0E7F0010AF6}.Release|Any CPU.Build.0 = Release|Any CPU
		{82AECDA6-12B0-4C5D-AB1F-C0E7F0010AF6}.Release|iOS.ActiveCfg = Release|Any CPU
		{82AECDA6-12B0-4C5D-AB1F-C0E7F0010AF6}.Release|Mixed Platforms.ActiveCfg = Release|Any CPU
		{82AECDA6-12B0-4C5D-AB1F-C0E7F0010AF6}.Release|Mixed Platforms.Build.0 = Release|Any CPU
		{82AECDA6-12B0-4C5D-AB1F-C0E7F0010AF6}.Release|Windows Phone (Universal).ActiveCfg = Release|Any CPU
		{82AECDA6-12B0-4C5D-AB1F-C0E7F0010AF6}.Release|Windows Phone 8.ActiveCfg = Release|Any CPU
		{82AECDA6-12B0-4C5D-AB1F-C0E7F0010AF6}.Release|Windows-AnyCPU.ActiveCfg = Release|Any CPU
		{82AECDA6-12B0-4C5D-AB1F-C0E7F0010AF6}.Release|Windows-ARM.ActiveCfg = Release|Any CPU
		{82AECDA6-12B0-4C5D-AB1F-C0E7F0010AF6}.Release|Windows-x64.ActiveCfg = Release|Any CPU
		{82AECDA6-12B0-4C5D-AB1F-C0E7F0010AF6}.Release|Windows-x86.ActiveCfg = Release|Any CPU
		{82AECDA6-12B0-4C5D-AB1F-C0E7F0010AF6}.Release|x86.ActiveCfg = Release|Any CPU
		{3ADE3AB3-07AF-4577-922A-A4F0617F14BA}.Debug|Android.ActiveCfg = Debug|Any CPU
		{3ADE3AB3-07AF-4577-922A-A4F0617F14BA}.Debug|Any CPU.ActiveCfg = Debug|Any CPU
		{3ADE3AB3-07AF-4577-922A-A4F0617F14BA}.Debug|Any CPU.Build.0 = Debug|Any CPU
		{3ADE3AB3-07AF-4577-922A-A4F0617F14BA}.Debug|iOS.ActiveCfg = Debug|Any CPU
		{3ADE3AB3-07AF-4577-922A-A4F0617F14BA}.Debug|Mixed Platforms.ActiveCfg = Debug|Any CPU
		{3ADE3AB3-07AF-4577-922A-A4F0617F14BA}.Debug|Mixed Platforms.Build.0 = Debug|Any CPU
		{3ADE3AB3-07AF-4577-922A-A4F0617F14BA}.Debug|Windows Phone (Universal).ActiveCfg = Debug|Any CPU
		{3ADE3AB3-07AF-4577-922A-A4F0617F14BA}.Debug|Windows Phone 8.ActiveCfg = Debug|Any CPU
		{3ADE3AB3-07AF-4577-922A-A4F0617F14BA}.Debug|Windows-AnyCPU.ActiveCfg = Debug|Any CPU
		{3ADE3AB3-07AF-4577-922A-A4F0617F14BA}.Debug|Windows-ARM.ActiveCfg = Debug|Any CPU
		{3ADE3AB3-07AF-4577-922A-A4F0617F14BA}.Debug|Windows-x64.ActiveCfg = Debug|Any CPU
		{3ADE3AB3-07AF-4577-922A-A4F0617F14BA}.Debug|Windows-x86.ActiveCfg = Debug|Any CPU
		{3ADE3AB3-07AF-4577-922A-A4F0617F14BA}.Debug|x86.ActiveCfg = Debug|Any CPU
		{3ADE3AB3-07AF-4577-922A-A4F0617F14BA}.Distribution|Android.ActiveCfg = Debug|Any CPU
		{3ADE3AB3-07AF-4577-922A-A4F0617F14BA}.Distribution|Any CPU.ActiveCfg = Debug|Any CPU
		{3ADE3AB3-07AF-4577-922A-A4F0617F14BA}.Distribution|Any CPU.Build.0 = Debug|Any CPU
		{3ADE3AB3-07AF-4577-922A-A4F0617F14BA}.Distribution|iOS.ActiveCfg = Debug|Any CPU
		{3ADE3AB3-07AF-4577-922A-A4F0617F14BA}.Distribution|Mixed Platforms.ActiveCfg = Debug|Any CPU
		{3ADE3AB3-07AF-4577-922A-A4F0617F14BA}.Distribution|Mixed Platforms.Build.0 = Debug|Any CPU
		{3ADE3AB3-07AF-4577-922A-A4F0617F14BA}.Distribution|Windows Phone (Universal).ActiveCfg = Debug|Any CPU
		{3ADE3AB3-07AF-4577-922A-A4F0617F14BA}.Distribution|Windows Phone 8.ActiveCfg = Debug|Any CPU
		{3ADE3AB3-07AF-4577-922A-A4F0617F14BA}.Distribution|Windows-AnyCPU.ActiveCfg = Debug|Any CPU
		{3ADE3AB3-07AF-4577-922A-A4F0617F14BA}.Distribution|Windows-ARM.ActiveCfg = Debug|Any CPU
		{3ADE3AB3-07AF-4577-922A-A4F0617F14BA}.Distribution|Windows-x64.ActiveCfg = Debug|Any CPU
		{3ADE3AB3-07AF-4577-922A-A4F0617F14BA}.Distribution|Windows-x86.ActiveCfg = Debug|Any CPU
		{3ADE3AB3-07AF-4577-922A-A4F0617F14BA}.Distribution|x86.ActiveCfg = Debug|Any CPU
		{3ADE3AB3-07AF-4577-922A-A4F0617F14BA}.Release|Android.ActiveCfg = Release|Any CPU
		{3ADE3AB3-07AF-4577-922A-A4F0617F14BA}.Release|Any CPU.ActiveCfg = Release|Any CPU
		{3ADE3AB3-07AF-4577-922A-A4F0617F14BA}.Release|Any CPU.Build.0 = Release|Any CPU
		{3ADE3AB3-07AF-4577-922A-A4F0617F14BA}.Release|iOS.ActiveCfg = Release|Any CPU
		{3ADE3AB3-07AF-4577-922A-A4F0617F14BA}.Release|Mixed Platforms.ActiveCfg = Release|Any CPU
		{3ADE3AB3-07AF-4577-922A-A4F0617F14BA}.Release|Mixed Platforms.Build.0 = Release|Any CPU
		{3ADE3AB3-07AF-4577-922A-A4F0617F14BA}.Release|Windows Phone (Universal).ActiveCfg = Release|Any CPU
		{3ADE3AB3-07AF-4577-922A-A4F0617F14BA}.Release|Windows Phone 8.ActiveCfg = Release|Any CPU
		{3ADE3AB3-07AF-4577-922A-A4F0617F14BA}.Release|Windows-AnyCPU.ActiveCfg = Release|Any CPU
		{3ADE3AB3-07AF-4577-922A-A4F0617F14BA}.Release|Windows-ARM.ActiveCfg = Release|Any CPU
		{3ADE3AB3-07AF-4577-922A-A4F0617F14BA}.Release|Windows-x64.ActiveCfg = Release|Any CPU
		{3ADE3AB3-07AF-4577-922A-A4F0617F14BA}.Release|Windows-x86.ActiveCfg = Release|Any CPU
		{3ADE3AB3-07AF-4577-922A-A4F0617F14BA}.Release|x86.ActiveCfg = Release|Any CPU
		{89AD12FA-7E3D-4173-93E0-FE40464502C9}.Debug|Android.ActiveCfg = Debug|Android
		{89AD12FA-7E3D-4173-93E0-FE40464502C9}.Debug|Android.Build.0 = Debug|Android
		{89AD12FA-7E3D-4173-93E0-FE40464502C9}.Debug|Android.Deploy.0 = Debug|Android
		{89AD12FA-7E3D-4173-93E0-FE40464502C9}.Debug|Any CPU.ActiveCfg = Debug|Android
		{89AD12FA-7E3D-4173-93E0-FE40464502C9}.Debug|iOS.ActiveCfg = Debug|iOS
		{89AD12FA-7E3D-4173-93E0-FE40464502C9}.Debug|iOS.Build.0 = Debug|iOS
		{89AD12FA-7E3D-4173-93E0-FE40464502C9}.Debug|iOS.Deploy.0 = Debug|iOS
		{89AD12FA-7E3D-4173-93E0-FE40464502C9}.Debug|Mixed Platforms.ActiveCfg = Debug|Android
		{89AD12FA-7E3D-4173-93E0-FE40464502C9}.Debug|Mixed Platforms.Build.0 = Debug|Android
		{89AD12FA-7E3D-4173-93E0-FE40464502C9}.Debug|Mixed Platforms.Deploy.0 = Debug|Android
		{89AD12FA-7E3D-4173-93E0-FE40464502C9}.Debug|Windows Phone (Universal).ActiveCfg = Debug|Windows Phone (Universal)
		{89AD12FA-7E3D-4173-93E0-FE40464502C9}.Debug|Windows Phone (Universal).Build.0 = Debug|Windows Phone (Universal)
		{89AD12FA-7E3D-4173-93E0-FE40464502C9}.Debug|Windows Phone (Universal).Deploy.0 = Debug|Windows Phone (Universal)
		{89AD12FA-7E3D-4173-93E0-FE40464502C9}.Debug|Windows Phone 8.ActiveCfg = Debug|Windows Phone 8
		{89AD12FA-7E3D-4173-93E0-FE40464502C9}.Debug|Windows Phone 8.Build.0 = Debug|Windows Phone 8
		{89AD12FA-7E3D-4173-93E0-FE40464502C9}.Debug|Windows Phone 8.Deploy.0 = Debug|Windows Phone 8
		{89AD12FA-7E3D-4173-93E0-FE40464502C9}.Debug|Windows-AnyCPU.ActiveCfg = Debug|Windows-AnyCPU
		{89AD12FA-7E3D-4173-93E0-FE40464502C9}.Debug|Windows-AnyCPU.Build.0 = Debug|Windows-AnyCPU
		{89AD12FA-7E3D-4173-93E0-FE40464502C9}.Debug|Windows-AnyCPU.Deploy.0 = Debug|Windows-AnyCPU
		{89AD12FA-7E3D-4173-93E0-FE40464502C9}.Debug|Windows-ARM.ActiveCfg = Debug|Windows-ARM
		{89AD12FA-7E3D-4173-93E0-FE40464502C9}.Debug|Windows-ARM.Build.0 = Debug|Windows-ARM
		{89AD12FA-7E3D-4173-93E0-FE40464502C9}.Debug|Windows-ARM.Deploy.0 = Debug|Windows-ARM
		{89AD12FA-7E3D-4173-93E0-FE40464502C9}.Debug|Windows-x64.ActiveCfg = Debug|Windows-x64
		{89AD12FA-7E3D-4173-93E0-FE40464502C9}.Debug|Windows-x64.Build.0 = Debug|Windows-x64
		{89AD12FA-7E3D-4173-93E0-FE40464502C9}.Debug|Windows-x64.Deploy.0 = Debug|Windows-x64
		{89AD12FA-7E3D-4173-93E0-FE40464502C9}.Debug|Windows-x86.ActiveCfg = Debug|Windows-x86
		{89AD12FA-7E3D-4173-93E0-FE40464502C9}.Debug|Windows-x86.Build.0 = Debug|Windows-x86
		{89AD12FA-7E3D-4173-93E0-FE40464502C9}.Debug|Windows-x86.Deploy.0 = Debug|Windows-x86
		{89AD12FA-7E3D-4173-93E0-FE40464502C9}.Debug|x86.ActiveCfg = Debug|Windows-x86
		{89AD12FA-7E3D-4173-93E0-FE40464502C9}.Distribution|Android.ActiveCfg = Distribution|Android
		{89AD12FA-7E3D-4173-93E0-FE40464502C9}.Distribution|Android.Build.0 = Distribution|Android
		{89AD12FA-7E3D-4173-93E0-FE40464502C9}.Distribution|Android.Deploy.0 = Distribution|Android
		{89AD12FA-7E3D-4173-93E0-FE40464502C9}.Distribution|Any CPU.ActiveCfg = Distribution|Android
		{89AD12FA-7E3D-4173-93E0-FE40464502C9}.Distribution|iOS.ActiveCfg = Distribution|iOS
		{89AD12FA-7E3D-4173-93E0-FE40464502C9}.Distribution|iOS.Build.0 = Distribution|iOS
		{89AD12FA-7E3D-4173-93E0-FE40464502C9}.Distribution|iOS.Deploy.0 = Distribution|iOS
		{89AD12FA-7E3D-4173-93E0-FE40464502C9}.Distribution|Mixed Platforms.ActiveCfg = Distribution|Windows Phone (Universal)
		{89AD12FA-7E3D-4173-93E0-FE40464502C9}.Distribution|Mixed Platforms.Build.0 = Distribution|Windows Phone (Universal)
		{89AD12FA-7E3D-4173-93E0-FE40464502C9}.Distribution|Mixed Platforms.Deploy.0 = Distribution|Windows Phone (Universal)
		{89AD12FA-7E3D-4173-93E0-FE40464502C9}.Distribution|Windows Phone (Universal).ActiveCfg = Distribution|Windows Phone (Universal)
		{89AD12FA-7E3D-4173-93E0-FE40464502C9}.Distribution|Windows Phone (Universal).Build.0 = Distribution|Windows Phone (Universal)
		{89AD12FA-7E3D-4173-93E0-FE40464502C9}.Distribution|Windows Phone (Universal).Deploy.0 = Distribution|Windows Phone (Universal)
		{89AD12FA-7E3D-4173-93E0-FE40464502C9}.Distribution|Windows Phone 8.ActiveCfg = Distribution|Windows Phone 8
		{89AD12FA-7E3D-4173-93E0-FE40464502C9}.Distribution|Windows Phone 8.Build.0 = Distribution|Windows Phone 8
		{89AD12FA-7E3D-4173-93E0-FE40464502C9}.Distribution|Windows Phone 8.Deploy.0 = Distribution|Windows Phone 8
		{89AD12FA-7E3D-4173-93E0-FE40464502C9}.Distribution|Windows-AnyCPU.ActiveCfg = Distribution|Windows-AnyCPU
		{89AD12FA-7E3D-4173-93E0-FE40464502C9}.Distribution|Windows-AnyCPU.Build.0 = Distribution|Windows-AnyCPU
		{89AD12FA-7E3D-4173-93E0-FE40464502C9}.Distribution|Windows-AnyCPU.Deploy.0 = Distribution|Windows-AnyCPU
		{89AD12FA-7E3D-4173-93E0-FE40464502C9}.Distribution|Windows-ARM.ActiveCfg = Distribution|Windows-ARM
		{89AD12FA-7E3D-4173-93E0-FE40464502C9}.Distribution|Windows-ARM.Build.0 = Distribution|Windows-ARM
		{89AD12FA-7E3D-4173-93E0-FE40464502C9}.Distribution|Windows-ARM.Deploy.0 = Distribution|Windows-ARM
		{89AD12FA-7E3D-4173-93E0-FE40464502C9}.Distribution|Windows-x64.ActiveCfg = Distribution|Windows-x64
		{89AD12FA-7E3D-4173-93E0-FE40464502C9}.Distribution|Windows-x64.Build.0 = Distribution|Windows-x64
		{89AD12FA-7E3D-4173-93E0-FE40464502C9}.Distribution|Windows-x64.Deploy.0 = Distribution|Windows-x64
		{89AD12FA-7E3D-4173-93E0-FE40464502C9}.Distribution|Windows-x86.ActiveCfg = Distribution|Windows-x86
		{89AD12FA-7E3D-4173-93E0-FE40464502C9}.Distribution|Windows-x86.Build.0 = Distribution|Windows-x86
		{89AD12FA-7E3D-4173-93E0-FE40464502C9}.Distribution|Windows-x86.Deploy.0 = Distribution|Windows-x86
		{89AD12FA-7E3D-4173-93E0-FE40464502C9}.Distribution|x86.ActiveCfg = Distribution|Windows-x86
		{89AD12FA-7E3D-4173-93E0-FE40464502C9}.Release|Android.ActiveCfg = Release|Android
		{89AD12FA-7E3D-4173-93E0-FE40464502C9}.Release|Android.Build.0 = Release|Android
		{89AD12FA-7E3D-4173-93E0-FE40464502C9}.Release|Android.Deploy.0 = Release|Android
		{89AD12FA-7E3D-4173-93E0-FE40464502C9}.Release|Any CPU.ActiveCfg = Release|Android
		{89AD12FA-7E3D-4173-93E0-FE40464502C9}.Release|iOS.ActiveCfg = Release|iOS
		{89AD12FA-7E3D-4173-93E0-FE40464502C9}.Release|iOS.Build.0 = Release|iOS
		{89AD12FA-7E3D-4173-93E0-FE40464502C9}.Release|iOS.Deploy.0 = Release|iOS
		{89AD12FA-7E3D-4173-93E0-FE40464502C9}.Release|Mixed Platforms.ActiveCfg = Release|Android
		{89AD12FA-7E3D-4173-93E0-FE40464502C9}.Release|Mixed Platforms.Build.0 = Release|Android
		{89AD12FA-7E3D-4173-93E0-FE40464502C9}.Release|Mixed Platforms.Deploy.0 = Release|Android
		{89AD12FA-7E3D-4173-93E0-FE40464502C9}.Release|Windows Phone (Universal).ActiveCfg = Release|Windows Phone (Universal)
		{89AD12FA-7E3D-4173-93E0-FE40464502C9}.Release|Windows Phone (Universal).Build.0 = Release|Windows Phone (Universal)
		{89AD12FA-7E3D-4173-93E0-FE40464502C9}.Release|Windows Phone (Universal).Deploy.0 = Release|Windows Phone (Universal)
		{89AD12FA-7E3D-4173-93E0-FE40464502C9}.Release|Windows Phone 8.ActiveCfg = Release|Windows Phone 8
		{89AD12FA-7E3D-4173-93E0-FE40464502C9}.Release|Windows Phone 8.Build.0 = Release|Windows Phone 8
		{89AD12FA-7E3D-4173-93E0-FE40464502C9}.Release|Windows Phone 8.Deploy.0 = Release|Windows Phone 8
		{89AD12FA-7E3D-4173-93E0-FE40464502C9}.Release|Windows-AnyCPU.ActiveCfg = Release|Windows-AnyCPU
		{89AD12FA-7E3D-4173-93E0-FE40464502C9}.Release|Windows-AnyCPU.Build.0 = Release|Windows-AnyCPU
		{89AD12FA-7E3D-4173-93E0-FE40464502C9}.Release|Windows-AnyCPU.Deploy.0 = Release|Windows-AnyCPU
		{89AD12FA-7E3D-4173-93E0-FE40464502C9}.Release|Windows-ARM.ActiveCfg = Release|Windows-ARM
		{89AD12FA-7E3D-4173-93E0-FE40464502C9}.Release|Windows-ARM.Build.0 = Release|Windows-ARM
		{89AD12FA-7E3D-4173-93E0-FE40464502C9}.Release|Windows-ARM.Deploy.0 = Release|Windows-ARM
		{89AD12FA-7E3D-4173-93E0-FE40464502C9}.Release|Windows-x64.ActiveCfg = Release|Windows-x64
		{89AD12FA-7E3D-4173-93E0-FE40464502C9}.Release|Windows-x64.Build.0 = Release|Windows-x64
		{89AD12FA-7E3D-4173-93E0-FE40464502C9}.Release|Windows-x64.Deploy.0 = Release|Windows-x64
		{89AD12FA-7E3D-4173-93E0-FE40464502C9}.Release|Windows-x86.ActiveCfg = Release|Windows-x86
		{89AD12FA-7E3D-4173-93E0-FE40464502C9}.Release|Windows-x86.Build.0 = Release|Windows-x86
		{89AD12FA-7E3D-4173-93E0-FE40464502C9}.Release|Windows-x86.Deploy.0 = Release|Windows-x86
		{89AD12FA-7E3D-4173-93E0-FE40464502C9}.Release|x86.ActiveCfg = Release|Windows-x86
		{EF055B96-ECFC-4F81-84C9-0941E62487C8}.Debug|Android.ActiveCfg = Debug|Any CPU
		{EF055B96-ECFC-4F81-84C9-0941E62487C8}.Debug|Any CPU.ActiveCfg = Debug|Any CPU
		{EF055B96-ECFC-4F81-84C9-0941E62487C8}.Debug|Any CPU.Build.0 = Debug|Any CPU
		{EF055B96-ECFC-4F81-84C9-0941E62487C8}.Debug|iOS.ActiveCfg = Debug|Any CPU
		{EF055B96-ECFC-4F81-84C9-0941E62487C8}.Debug|Mixed Platforms.ActiveCfg = Debug|Any CPU
		{EF055B96-ECFC-4F81-84C9-0941E62487C8}.Debug|Mixed Platforms.Build.0 = Debug|Any CPU
		{EF055B96-ECFC-4F81-84C9-0941E62487C8}.Debug|Windows Phone (Universal).ActiveCfg = Debug|Any CPU
		{EF055B96-ECFC-4F81-84C9-0941E62487C8}.Debug|Windows Phone 8.ActiveCfg = Debug|Any CPU
		{EF055B96-ECFC-4F81-84C9-0941E62487C8}.Debug|Windows-AnyCPU.ActiveCfg = Debug|Any CPU
		{EF055B96-ECFC-4F81-84C9-0941E62487C8}.Debug|Windows-ARM.ActiveCfg = Debug|Any CPU
		{EF055B96-ECFC-4F81-84C9-0941E62487C8}.Debug|Windows-x64.ActiveCfg = Debug|Any CPU
		{EF055B96-ECFC-4F81-84C9-0941E62487C8}.Debug|Windows-x86.ActiveCfg = Debug|Any CPU
		{EF055B96-ECFC-4F81-84C9-0941E62487C8}.Debug|x86.ActiveCfg = Debug|Any CPU
		{EF055B96-ECFC-4F81-84C9-0941E62487C8}.Distribution|Android.ActiveCfg = Debug|Any CPU
		{EF055B96-ECFC-4F81-84C9-0941E62487C8}.Distribution|Any CPU.ActiveCfg = Debug|Any CPU
		{EF055B96-ECFC-4F81-84C9-0941E62487C8}.Distribution|Any CPU.Build.0 = Debug|Any CPU
		{EF055B96-ECFC-4F81-84C9-0941E62487C8}.Distribution|iOS.ActiveCfg = Debug|Any CPU
		{EF055B96-ECFC-4F81-84C9-0941E62487C8}.Distribution|Mixed Platforms.ActiveCfg = Debug|Any CPU
		{EF055B96-ECFC-4F81-84C9-0941E62487C8}.Distribution|Mixed Platforms.Build.0 = Debug|Any CPU
		{EF055B96-ECFC-4F81-84C9-0941E62487C8}.Distribution|Windows Phone (Universal).ActiveCfg = Debug|Any CPU
		{EF055B96-ECFC-4F81-84C9-0941E62487C8}.Distribution|Windows Phone 8.ActiveCfg = Debug|Any CPU
		{EF055B96-ECFC-4F81-84C9-0941E62487C8}.Distribution|Windows-AnyCPU.ActiveCfg = Debug|Any CPU
		{EF055B96-ECFC-4F81-84C9-0941E62487C8}.Distribution|Windows-ARM.ActiveCfg = Debug|Any CPU
		{EF055B96-ECFC-4F81-84C9-0941E62487C8}.Distribution|Windows-x64.ActiveCfg = Debug|Any CPU
		{EF055B96-ECFC-4F81-84C9-0941E62487C8}.Distribution|Windows-x86.ActiveCfg = Debug|Any CPU
		{EF055B96-ECFC-4F81-84C9-0941E62487C8}.Distribution|x86.ActiveCfg = Debug|Any CPU
		{EF055B96-ECFC-4F81-84C9-0941E62487C8}.Release|Android.ActiveCfg = Release|Any CPU
		{EF055B96-ECFC-4F81-84C9-0941E62487C8}.Release|Any CPU.ActiveCfg = Release|Any CPU
		{EF055B96-ECFC-4F81-84C9-0941E62487C8}.Release|Any CPU.Build.0 = Release|Any CPU
		{EF055B96-ECFC-4F81-84C9-0941E62487C8}.Release|iOS.ActiveCfg = Release|Any CPU
		{EF055B96-ECFC-4F81-84C9-0941E62487C8}.Release|Mixed Platforms.ActiveCfg = Release|Any CPU
		{EF055B96-ECFC-4F81-84C9-0941E62487C8}.Release|Mixed Platforms.Build.0 = Release|Any CPU
		{EF055B96-ECFC-4F81-84C9-0941E62487C8}.Release|Windows Phone (Universal).ActiveCfg = Release|Any CPU
		{EF055B96-ECFC-4F81-84C9-0941E62487C8}.Release|Windows Phone 8.ActiveCfg = Release|Any CPU
		{EF055B96-ECFC-4F81-84C9-0941E62487C8}.Release|Windows-AnyCPU.ActiveCfg = Release|Any CPU
		{EF055B96-ECFC-4F81-84C9-0941E62487C8}.Release|Windows-ARM.ActiveCfg = Release|Any CPU
		{EF055B96-ECFC-4F81-84C9-0941E62487C8}.Release|Windows-x64.ActiveCfg = Release|Any CPU
		{EF055B96-ECFC-4F81-84C9-0941E62487C8}.Release|Windows-x86.ActiveCfg = Release|Any CPU
		{EF055B96-ECFC-4F81-84C9-0941E62487C8}.Release|x86.ActiveCfg = Release|Any CPU
	EndGlobalSection
	GlobalSection(SolutionProperties) = preSolution
		HideSolutionNode = FALSE
	EndGlobalSection
	GlobalSection(NestedProjects) = preSolution
		{F8223B83-DF49-4584-98CF-3B87B35F04A2} = {D613EF37-834A-4108-8A97-EB82D2D31971}
		{6E682A14-C872-4813-B620-76E108DEA683} = {D613EF37-834A-4108-8A97-EB82D2D31971}
		{F68A1D19-93FB-47C1-A22B-42BEA3E4FD8C} = {D613EF37-834A-4108-8A97-EB82D2D31971}
		{86F86650-EE3C-4372-8FEC-40C2FE015022} = {D613EF37-834A-4108-8A97-EB82D2D31971}
		{CD79A92B-A677-4310-9B74-26E3BE2C29BD} = {777F3DCC-3344-440B-B0E3-4A4260BE7175}
		{82AECDA6-12B0-4C5D-AB1F-C0E7F0010AF6} = {26D26A2D-9F28-449C-85EB-E7716E69C702}
		{3ADE3AB3-07AF-4577-922A-A4F0617F14BA} = {EBE97F96-71D8-46B6-9360-B77517FE5F32}
		{89AD12FA-7E3D-4173-93E0-FE40464502C9} = {777F3DCC-3344-440B-B0E3-4A4260BE7175}
		{EF055B96-ECFC-4F81-84C9-0941E62487C8} = {EBE97F96-71D8-46B6-9360-B77517FE5F32}
	EndGlobalSection
EndGlobal
